
Microsoft Visual Studio Solution File, Format Version 12.00
# Visual Studio 2013
VisualStudioVersion = 12.0.30501.0
MinimumVisualStudioVersion = 10.0.40219.1
Project("{8BC9CEB8-8B4A-11D0-8D11-00A0C91BC942}") = "dui_2", "dui_2\dui_2.vcxproj", "{E46F6B5E-1DC8-4CA8-A5B6-A1CEF9A95AA5}"
EndProject
Global
	GlobalSection(SolutionConfigurationPlatforms) = preSolution
		Debug|Win32 = Debug|Win32
		Release|Win32 = Release|Win32
	EndGlobalSection
	GlobalSection(ProjectConfigurationPlatforms) = postSolution
		{E46F6B5E-1DC8-4CA8-A5B6-A1CEF9A95AA5}.Debug|Win32.ActiveCfg = Debug|Win32
		{E46F6B5E-1DC8-4CA8-A5B6-A1CEF9A95AA5}.Debug|Win32.Build.0 = Debug|Win32
		{E46F6B5E-1DC8-4CA8-A5B6-A1CEF9A95AA5}.Release|Win32.ActiveCfg = Release|Win32
		{E46F6B5E-1DC8-4CA8-A5B6-A1CEF9A95AA5}.Release|Win32.Build.0 = Release|Win32
	EndGlobalSection
	GlobalSection(SolutionProperties) = preSolution
		HideSolutionNode = FALSE
	EndGlobalSection
EndGlobal
